
Microsoft Visual Studio Solution File, Format Version 12.00
# Visual Studio Version 17
VisualStudioVersion = 17.4.33122.133
MinimumVisualStudioVersion = 10.0.40219.1
Project("{9A19103F-16F7-4668-BE54-9A1E7A4F7556}") = "RucksackReorganization", "RucksackReorganization\RucksackReorganization.csproj", "{A32C1FED-99B0-4A98-BFAA-04D1CE5ACBB5}"
EndProject
Project("{FAE04EC0-301F-11D3-BF4B-00C04F79EFBC}") = "RucksackReorganization.Tests", "RucksackReorganization.Tests\RucksackReorganization.Tests.csproj", "{B79B67FB-49A5-47CE-81A7-9E46FB25D57A}"
EndProject
Global
	GlobalSection(SolutionConfigurationPlatforms) = preSolution
		Debug|Any CPU = Debug|Any CPU
		Release|Any CPU = Release|Any CPU
	EndGlobalSection
	GlobalSection(ProjectConfigurationPlatforms) = postSolution
		{A32C1FED-99B0-4A98-BFAA-04D1CE5ACBB5}.Debug|Any CPU.ActiveCfg = Debug|Any CPU
		{A32C1FED-99B0-4A98-BFAA-04D1CE5ACBB5}.Debug|Any CPU.Build.0 = Debug|Any CPU
		{A32C1FED-99B0-4A98-BFAA-04D1CE5ACBB5}.Release|Any CPU.ActiveCfg = Release|Any CPU
		{A32C1FED-99B0-4A98-BFAA-04D1CE5ACBB5}.Release|Any CPU.Build.0 = Release|Any CPU
		{B79B67FB-49A5-47CE-81A7-9E46FB25D57A}.Debug|Any CPU.ActiveCfg = Debug|Any CPU
		{B79B67FB-49A5-47CE-81A7-9E46FB25D57A}.Debug|Any CPU.Build.0 = Debug|Any CPU
		{B79B67FB-49A5-47CE-81A7-9E46FB25D57A}.Release|Any CPU.ActiveCfg = Release|Any CPU
		{B79B67FB-49A5-47CE-81A7-9E46FB25D57A}.Release|Any CPU.Build.0 = Release|Any CPU
	EndGlobalSection
	GlobalSection(SolutionProperties) = preSolution
		HideSolutionNode = FALSE
	EndGlobalSection
	GlobalSection(ExtensibilityGlobals) = postSolution
		SolutionGuid = {D9BC24D5-8C7B-4293-8959-532C31AA4EC9}
	EndGlobalSection
EndGlobal
