
Microsoft Visual Studio Solution File, Format Version 12.00
# Visual Studio Version 17
VisualStudioVersion = 17.4.33122.133
MinimumVisualStudioVersion = 10.0.40219.1
Project("{FAE04EC0-301F-11D3-BF4B-00C04F79EFBC}") = "SupplyStacks", "SupplyStacks\SupplyStacks.csproj", "{D4B6A66B-53CA-4377-8E7E-567C998A6A0E}"
EndProject
Project("{FAE04EC0-301F-11D3-BF4B-00C04F79EFBC}") = "SupplyStacks.Tests", "SupplyStacks.Tests\SupplyStacks.Tests.csproj", "{74E38F7A-A707-410A-95BF-33D480CFC5D2}"
EndProject
Global
	GlobalSection(SolutionConfigurationPlatforms) = preSolution
		Debug|Any CPU = Debug|Any CPU
		Release|Any CPU = Release|Any CPU
	EndGlobalSection
	GlobalSection(ProjectConfigurationPlatforms) = postSolution
		{D4B6A66B-53CA-4377-8E7E-567C998A6A0E}.Debug|Any CPU.ActiveCfg = Debug|Any CPU
		{D4B6A66B-53CA-4377-8E7E-567C998A6A0E}.Debug|Any CPU.Build.0 = Debug|Any CPU
		{D4B6A66B-53CA-4377-8E7E-567C998A6A0E}.Release|Any CPU.ActiveCfg = Release|Any CPU
		{D4B6A66B-53CA-4377-8E7E-567C998A6A0E}.Release|Any CPU.Build.0 = Release|Any CPU
		{74E38F7A-A707-410A-95BF-33D480CFC5D2}.Debug|Any CPU.ActiveCfg = Debug|Any CPU
		{74E38F7A-A707-410A-95BF-33D480CFC5D2}.Debug|Any CPU.Build.0 = Debug|Any CPU
		{74E38F7A-A707-410A-95BF-33D480CFC5D2}.Release|Any CPU.ActiveCfg = Release|Any CPU
		{74E38F7A-A707-410A-95BF-33D480CFC5D2}.Release|Any CPU.Build.0 = Release|Any CPU
	EndGlobalSection
	GlobalSection(SolutionProperties) = preSolution
		HideSolutionNode = FALSE
	EndGlobalSection
	GlobalSection(ExtensibilityGlobals) = postSolution
		SolutionGuid = {FAF7556F-D2E8-4FD7-B766-427E6B00CD42}
	EndGlobalSection
EndGlobal
