
Microsoft Visual Studio Solution File, Format Version 12.00
# Visual Studio Version 17
VisualStudioVersion = 17.4.33122.133
MinimumVisualStudioVersion = 10.0.40219.1
Project("{FAE04EC0-301F-11D3-BF4B-00C04F79EFBC}") = "TuningTrouble", "TuningTrouble\TuningTrouble.csproj", "{BAC6D6AA-EA08-45AC-800B-8BB72EC12645}"
EndProject
Project("{FAE04EC0-301F-11D3-BF4B-00C04F79EFBC}") = "TuningTrouble.Tests", "TuningTrouble.Tests\TuningTrouble.Tests.csproj", "{767EF2C4-4EA8-4E2A-BE8E-CBFD95DA3253}"
EndProject
Global
	GlobalSection(SolutionConfigurationPlatforms) = preSolution
		Debug|Any CPU = Debug|Any CPU
		Release|Any CPU = Release|Any CPU
	EndGlobalSection
	GlobalSection(ProjectConfigurationPlatforms) = postSolution
		{BAC6D6AA-EA08-45AC-800B-8BB72EC12645}.Debug|Any CPU.ActiveCfg = Debug|Any CPU
		{BAC6D6AA-EA08-45AC-800B-8BB72EC12645}.Debug|Any CPU.Build.0 = Debug|Any CPU
		{BAC6D6AA-EA08-45AC-800B-8BB72EC12645}.Release|Any CPU.ActiveCfg = Release|Any CPU
		{BAC6D6AA-EA08-45AC-800B-8BB72EC12645}.Release|Any CPU.Build.0 = Release|Any CPU
		{767EF2C4-4EA8-4E2A-BE8E-CBFD95DA3253}.Debug|Any CPU.ActiveCfg = Debug|Any CPU
		{767EF2C4-4EA8-4E2A-BE8E-CBFD95DA3253}.Debug|Any CPU.Build.0 = Debug|Any CPU
		{767EF2C4-4EA8-4E2A-BE8E-CBFD95DA3253}.Release|Any CPU.ActiveCfg = Release|Any CPU
		{767EF2C4-4EA8-4E2A-BE8E-CBFD95DA3253}.Release|Any CPU.Build.0 = Release|Any CPU
	EndGlobalSection
	GlobalSection(SolutionProperties) = preSolution
		HideSolutionNode = FALSE
	EndGlobalSection
	GlobalSection(ExtensibilityGlobals) = postSolution
		SolutionGuid = {01F80597-AFB1-46D8-B489-62EB4F1E1E96}
	EndGlobalSection
EndGlobal
