
Microsoft Visual Studio Solution File, Format Version 12.00
# Visual Studio Version 17
VisualStudioVersion = 17.4.33122.133
MinimumVisualStudioVersion = 10.0.40219.1
Project("{9A19103F-16F7-4668-BE54-9A1E7A4F7556}") = "CampCleanup", "CampCleanup\CampCleanup.csproj", "{94E8EA78-CEDF-4A32-89D3-1959BAB88213}"
EndProject
Project("{FAE04EC0-301F-11D3-BF4B-00C04F79EFBC}") = "CampCleanup.Tests", "CampCleanup.Tests\CampCleanup.Tests.csproj", "{9B7D09C2-4ADD-4B25-8782-B75B888C4F1A}"
EndProject
Global
	GlobalSection(SolutionConfigurationPlatforms) = preSolution
		Debug|Any CPU = Debug|Any CPU
		Release|Any CPU = Release|Any CPU
	EndGlobalSection
	GlobalSection(ProjectConfigurationPlatforms) = postSolution
		{94E8EA78-CEDF-4A32-89D3-1959BAB88213}.Debug|Any CPU.ActiveCfg = Debug|Any CPU
		{94E8EA78-CEDF-4A32-89D3-1959BAB88213}.Debug|Any CPU.Build.0 = Debug|Any CPU
		{94E8EA78-CEDF-4A32-89D3-1959BAB88213}.Release|Any CPU.ActiveCfg = Release|Any CPU
		{94E8EA78-CEDF-4A32-89D3-1959BAB88213}.Release|Any CPU.Build.0 = Release|Any CPU
		{9B7D09C2-4ADD-4B25-8782-B75B888C4F1A}.Debug|Any CPU.ActiveCfg = Debug|Any CPU
		{9B7D09C2-4ADD-4B25-8782-B75B888C4F1A}.Debug|Any CPU.Build.0 = Debug|Any CPU
		{9B7D09C2-4ADD-4B25-8782-B75B888C4F1A}.Release|Any CPU.ActiveCfg = Release|Any CPU
		{9B7D09C2-4ADD-4B25-8782-B75B888C4F1A}.Release|Any CPU.Build.0 = Release|Any CPU
	EndGlobalSection
	GlobalSection(SolutionProperties) = preSolution
		HideSolutionNode = FALSE
	EndGlobalSection
	GlobalSection(ExtensibilityGlobals) = postSolution
		SolutionGuid = {98990262-D8C1-489E-A485-1CA092BA5447}
	EndGlobalSection
EndGlobal
